
Microsoft Visual Studio Solution File, Format Version 12.00
# Visual Studio Version 17
VisualStudioVersion = 17.5.33414.496
MinimumVisualStudioVersion = 10.0.40219.1
Project("{9A19103F-16F7-4668-BE54-9A1E7A4F7556}") = "RepositoryPattern.WebApi.Dapper", "RepositoryPattern.WebApi.Dapper\RepositoryPattern.WebApi.Dapper.csproj", "{4F751844-A7D8-496B-BDE5-6661EE5E76A0}"
EndProject
Project("{00D1A9C2-B5F0-4AF3-8072-F6C62B433612}") = "Dapper.Database", "Dapper.Database\Dapper.Database.sqlproj", "{2A472A12-CD00-463B-AD3B-68A780A79BDA}"
EndProject
Global
	GlobalSection(SolutionConfigurationPlatforms) = preSolution
		Debug|Any CPU = Debug|Any CPU
		Release|Any CPU = Release|Any CPU
	EndGlobalSection
	GlobalSection(ProjectConfigurationPlatforms) = postSolution
		{4F751844-A7D8-496B-BDE5-6661EE5E76A0}.Debug|Any CPU.ActiveCfg = Debug|Any CPU
		{4F751844-A7D8-496B-BDE5-6661EE5E76A0}.Debug|Any CPU.Build.0 = Debug|Any CPU
		{4F751844-A7D8-496B-BDE5-6661EE5E76A0}.Release|Any CPU.ActiveCfg = Release|Any CPU
		{4F751844-A7D8-496B-BDE5-6661EE5E76A0}.Release|Any CPU.Build.0 = Release|Any CPU
		{2A472A12-CD00-463B-AD3B-68A780A79BDA}.Debug|Any CPU.ActiveCfg = Debug|Any CPU
		{2A472A12-CD00-463B-AD3B-68A780A79BDA}.Debug|Any CPU.Build.0 = Debug|Any CPU
		{2A472A12-CD00-463B-AD3B-68A780A79BDA}.Debug|Any CPU.Deploy.0 = Debug|Any CPU
		{2A472A12-CD00-463B-AD3B-68A780A79BDA}.Release|Any CPU.ActiveCfg = Release|Any CPU
		{2A472A12-CD00-463B-AD3B-68A780A79BDA}.Release|Any CPU.Build.0 = Release|Any CPU
		{2A472A12-CD00-463B-AD3B-68A780A79BDA}.Release|Any CPU.Deploy.0 = Release|Any CPU
	EndGlobalSection
	GlobalSection(SolutionProperties) = preSolution
		HideSolutionNode = FALSE
	EndGlobalSection
	GlobalSection(ExtensibilityGlobals) = postSolution
		SolutionGuid = {7382EB92-7CA8-4388-8B2C-E657FED18EF7}
	EndGlobalSection
EndGlobal
